
Microsoft Visual Studio Solution File, Format Version 12.00
# Visual Studio Version 16
VisualStudioVersion = 16.0.29102.190
MinimumVisualStudioVersion = 10.0.40219.1
Project("{FAE04EC0-301F-11D3-BF4B-00C04F79EFBC}") = "CalculatorApp", "CalculatorApp.csproj", "{B2C87014-3FC6-4632-B0B6-7903F265D33E}"
EndProject
Global
	GlobalSection(SolutionConfigurationPlatforms) = preSolution
		Debug|Any CPU = Debug|Any CPU
		Release|Any CPU = Release|Any CPU
	EndGlobalSection
	GlobalSection(ProjectConfigurationPlatforms) = postSolution
		{B2C87014-3FC6-4632-B0B6-7903F265D33E}.Debug|Any CPU.ActiveCfg = Debug|Any CPU
		{B2C87014-3FC6-4632-B0B6-7903F265D33E}.Debug|Any CPU.Build.0 = Debug|Any CPU
		{B2C87014-3FC6-4632-B0B6-7903F265D33E}.Release|Any CPU.ActiveCfg = Release|Any CPU
		{B2C87014-3FC6-4632-B0B6-7903F265D33E}.Release|Any CPU.Build.0 = Release|Any CPU
	EndGlobalSection
	GlobalSection(SolutionProperties) = preSolution
		HideSolutionNode = FALSE
	EndGlobalSection
	GlobalSection(ExtensibilityGlobals) = postSolution
		SolutionGuid = {2158ED9D-C7BE-4EF1-812B-4BE54F103E96}
	EndGlobalSection
EndGlobal
