
Microsoft Visual Studio Solution File, Format Version 12.00
# Visual Studio Version 16
VisualStudioVersion = 16.0.29102.190
MinimumVisualStudioVersion = 10.0.40219.1
Project("{FAE04EC0-301F-11D3-BF4B-00C04F79EFBC}") = "Assignment1A", "Assignment1A.csproj", "{A0F33F01-C082-4AA5-BF1E-D465328F1AC4}"
EndProject
Global
	GlobalSection(SolutionConfigurationPlatforms) = preSolution
		Debug|Any CPU = Debug|Any CPU
		Release|Any CPU = Release|Any CPU
	EndGlobalSection
	GlobalSection(ProjectConfigurationPlatforms) = postSolution
		{A0F33F01-C082-4AA5-BF1E-D465328F1AC4}.Debug|Any CPU.ActiveCfg = Debug|Any CPU
		{A0F33F01-C082-4AA5-BF1E-D465328F1AC4}.Debug|Any CPU.Build.0 = Debug|Any CPU
		{A0F33F01-C082-4AA5-BF1E-D465328F1AC4}.Release|Any CPU.ActiveCfg = Release|Any CPU
		{A0F33F01-C082-4AA5-BF1E-D465328F1AC4}.Release|Any CPU.Build.0 = Release|Any CPU
	EndGlobalSection
	GlobalSection(SolutionProperties) = preSolution
		HideSolutionNode = FALSE
	EndGlobalSection
	GlobalSection(ExtensibilityGlobals) = postSolution
		SolutionGuid = {87C9C458-78CE-455F-B943-BE4509CBED14}
	EndGlobalSection
EndGlobal
